
Microsoft Visual Studio Solution File, Format Version 12.00
# Visual Studio Version 17
VisualStudioVersion = 17.0.31919.166
MinimumVisualStudioVersion = 10.0.40219.1
Project("{9A19103F-16F7-4668-BE54-9A1E7A4F7556}") = "Generator", "Generator\Generator.csproj", "{D601567C-6C59-45A1-A904-4D06EA4B8C37}"
EndProject
Global
	GlobalSection(SolutionConfigurationPlatforms) = preSolution
		Debug|Any CPU = Debug|Any CPU
		Release|Any CPU = Release|Any CPU
	EndGlobalSection
	GlobalSection(ProjectConfigurationPlatforms) = postSolution
		{D601567C-6C59-45A1-A904-4D06EA4B8C37}.Debug|Any CPU.ActiveCfg = Debug|Any CPU
		{D601567C-6C59-45A1-A904-4D06EA4B8C37}.Debug|Any CPU.Build.0 = Debug|Any CPU
		{D601567C-6C59-45A1-A904-4D06EA4B8C37}.Release|Any CPU.ActiveCfg = Release|Any CPU
		{D601567C-6C59-45A1-A904-4D06EA4B8C37}.Release|Any CPU.Build.0 = Release|Any CPU
	EndGlobalSection
	GlobalSection(SolutionProperties) = preSolution
		HideSolutionNode = FALSE
	EndGlobalSection
	GlobalSection(ExtensibilityGlobals) = postSolution
		SolutionGuid = {88053D75-3E17-4DB1-B531-3A4373C2DC74}
	EndGlobalSection
EndGlobal
